
Microsoft Visual Studio Solution File, Format Version 12.00
# Visual Studio 14
VisualStudioVersion = 14.0.25420.1
MinimumVisualStudioVersion = 10.0.40219.1
Project("{2150E333-8FDC-42A3-9474-1A3956D46DE8}") = "Appli", "Appli", "{3BAB132E-3BC7-47B4-A07F-8EA688915BE2}"
EndProject
Project("{2150E333-8FDC-42A3-9474-1A3956D46DE8}") = "Dev", "Dev", "{804A5EFA-C961-4182-BAD7-487BF952C466}"
EndProject
Project("{FAE04EC0-301F-11D3-BF4B-00C04F79EFBC}") = "DevApp", "Dev\DevApp\DevApp.csproj", "{F0D31E6F-E357-4F3A-AB79-A8D01F79765E}"
EndProject
Project("{FAE04EC0-301F-11D3-BF4B-00C04F79EFBC}") = "MoellonToolkit.MVVMBase", "Appli\MoellonToolkit.MVVMBase\MoellonToolkit.MVVMBase.csproj", "{ABFD4F97-95D8-4295-A6D4-59420FEEDAE4}"
EndProject
Project("{FAE04EC0-301F-11D3-BF4B-00C04F79EFBC}") = "MoellonToolkit.CommonDlgs.Defs", "Appli\MoellonToolkit.CommonDlgs.Defs\MoellonToolkit.CommonDlgs.Defs.csproj", "{239E66BB-7F41-45B8-B224-D03490652E39}"
EndProject
Project("{FAE04EC0-301F-11D3-BF4B-00C04F79EFBC}") = "MoellonToolkit.CommonDlgs.Impl", "Appli\MoellonToolkit.CommonDlgs.Impl\MoellonToolkit.CommonDlgs.Impl.csproj", "{5D3C1D59-7575-4C1C-8BAA-7F9575604414}"
EndProject
Project("{2150E333-8FDC-42A3-9474-1A3956D46DE8}") = "_BuildNuget", "_BuildNuget", "{BE0269CB-9FA7-418F-B193-6ACEB4AFA9B8}"
	ProjectSection(SolutionItems) = preProject
		_BuildNuget\readme.txt = _BuildNuget\readme.txt
	EndProjectSection
EndProject
Project("{2150E333-8FDC-42A3-9474-1A3956D46DE8}") = "Model", "Model", "{2360DD83-840B-45BD-AE52-5DEA9B294281}"
	ProjectSection(SolutionItems) = preProject
		_BuildNuget\Model\moellonToolkit.jpg = _BuildNuget\Model\moellonToolkit.jpg
		_BuildNuget\Model\MoellonToolkit.nuspec = _BuildNuget\Model\MoellonToolkit.nuspec
	EndProjectSection
EndProject
Project("{2150E333-8FDC-42A3-9474-1A3956D46DE8}") = "Built", "Built", "{F73080FD-6D07-409B-9CD4-D207E81537B5}"
EndProject
Project("{2150E333-8FDC-42A3-9474-1A3956D46DE8}") = "Solution Items", "Solution Items", "{77D3CA46-7890-472E-A619-2DF99999DE83}"
	ProjectSection(SolutionItems) = preProject
		README.md = README.md
	EndProjectSection
EndProject
Project("{2150E333-8FDC-42A3-9474-1A3956D46DE8}") = "Docs", "Docs", "{B019057C-DD68-451C-A081-CCE4C3E31DDA}"
EndProject
Project("{2150E333-8FDC-42A3-9474-1A3956D46DE8}") = "Dialogs", "Dialogs", "{9DB8B37B-9D7F-43FC-A236-78B5B47616EE}"
	ProjectSection(SolutionItems) = preProject
		Docs\Dialogs\dlgComboChoice.jpg = Docs\Dialogs\dlgComboChoice.jpg
		Docs\Dialogs\dlgError.jpg = Docs\Dialogs\dlgError.jpg
		Docs\Dialogs\dlgInformation.jpg = Docs\Dialogs\dlgInformation.jpg
		Docs\Dialogs\dlgInformationWidthXL.jpg = Docs\Dialogs\dlgInformationWidthXL.jpg
		Docs\Dialogs\dlgInputText.jpg = Docs\Dialogs\dlgInputText.jpg
		Docs\Dialogs\dlgInputTextWidthLarge.jpg = Docs\Dialogs\dlgInputTextWidthLarge.jpg
		Docs\Dialogs\dlgListChoice.jpg = Docs\Dialogs\dlgListChoice.jpg
		Docs\Dialogs\dlgQuestion.jpg = Docs\Dialogs\dlgQuestion.jpg
		Docs\Dialogs\dlgSaveFile.jpg = Docs\Dialogs\dlgSaveFile.jpg
		Docs\Dialogs\dlgSelectFile.jpg = Docs\Dialogs\dlgSelectFile.jpg
		Docs\Dialogs\dlgWarning.jpg = Docs\Dialogs\dlgWarning.jpg
	EndProjectSection
EndProject
Project("{2150E333-8FDC-42A3-9474-1A3956D46DE8}") = "Logo", "Logo", "{659D185D-A870-4BE7-8484-CA5C18A9C7B2}"
	ProjectSection(SolutionItems) = preProject
		Docs\Logo\MellonToolkit_logo_192.ico = Docs\Logo\MellonToolkit_logo_192.ico
		Docs\Logo\MoellonToolkit _logo256.jpg = Docs\Logo\MoellonToolkit _logo256.jpg
		Docs\Logo\MoellonToolkit_logo128.ico = Docs\Logo\MoellonToolkit_logo128.ico
		Docs\Logo\MoellonToolkit_logo128.jpg = Docs\Logo\MoellonToolkit_logo128.jpg
		Docs\Logo\MoellonToolkit_logo16.ico = Docs\Logo\MoellonToolkit_logo16.ico
		Docs\Logo\MoellonToolkit_logo32.ico = Docs\Logo\MoellonToolkit_logo32.ico
		Docs\Logo\MoellonToolkit_logo_48.ico = Docs\Logo\MoellonToolkit_logo_48.ico
	EndProjectSection
EndProject
Global
	GlobalSection(SolutionConfigurationPlatforms) = preSolution
		Debug|Any CPU = Debug|Any CPU
		Release|Any CPU = Release|Any CPU
	EndGlobalSection
	GlobalSection(ProjectConfigurationPlatforms) = postSolution
		{F0D31E6F-E357-4F3A-AB79-A8D01F79765E}.Debug|Any CPU.ActiveCfg = Debug|Any CPU
		{F0D31E6F-E357-4F3A-AB79-A8D01F79765E}.Debug|Any CPU.Build.0 = Debug|Any CPU
		{F0D31E6F-E357-4F3A-AB79-A8D01F79765E}.Release|Any CPU.ActiveCfg = Release|Any CPU
		{F0D31E6F-E357-4F3A-AB79-A8D01F79765E}.Release|Any CPU.Build.0 = Release|Any CPU
		{ABFD4F97-95D8-4295-A6D4-59420FEEDAE4}.Debug|Any CPU.ActiveCfg = Debug|Any CPU
		{ABFD4F97-95D8-4295-A6D4-59420FEEDAE4}.Debug|Any CPU.Build.0 = Debug|Any CPU
		{ABFD4F97-95D8-4295-A6D4-59420FEEDAE4}.Release|Any CPU.ActiveCfg = Release|Any CPU
		{ABFD4F97-95D8-4295-A6D4-59420FEEDAE4}.Release|Any CPU.Build.0 = Release|Any CPU
		{239E66BB-7F41-45B8-B224-D03490652E39}.Debug|Any CPU.ActiveCfg = Debug|Any CPU
		{239E66BB-7F41-45B8-B224-D03490652E39}.Debug|Any CPU.Build.0 = Debug|Any CPU
		{239E66BB-7F41-45B8-B224-D03490652E39}.Release|Any CPU.ActiveCfg = Release|Any CPU
		{239E66BB-7F41-45B8-B224-D03490652E39}.Release|Any CPU.Build.0 = Release|Any CPU
		{5D3C1D59-7575-4C1C-8BAA-7F9575604414}.Debug|Any CPU.ActiveCfg = Debug|Any CPU
		{5D3C1D59-7575-4C1C-8BAA-7F9575604414}.Debug|Any CPU.Build.0 = Debug|Any CPU
		{5D3C1D59-7575-4C1C-8BAA-7F9575604414}.Release|Any CPU.ActiveCfg = Release|Any CPU
		{5D3C1D59-7575-4C1C-8BAA-7F9575604414}.Release|Any CPU.Build.0 = Release|Any CPU
	EndGlobalSection
	GlobalSection(SolutionProperties) = preSolution
		HideSolutionNode = FALSE
	EndGlobalSection
	GlobalSection(NestedProjects) = preSolution
		{F0D31E6F-E357-4F3A-AB79-A8D01F79765E} = {804A5EFA-C961-4182-BAD7-487BF952C466}
		{ABFD4F97-95D8-4295-A6D4-59420FEEDAE4} = {3BAB132E-3BC7-47B4-A07F-8EA688915BE2}
		{239E66BB-7F41-45B8-B224-D03490652E39} = {3BAB132E-3BC7-47B4-A07F-8EA688915BE2}
		{5D3C1D59-7575-4C1C-8BAA-7F9575604414} = {3BAB132E-3BC7-47B4-A07F-8EA688915BE2}
		{2360DD83-840B-45BD-AE52-5DEA9B294281} = {BE0269CB-9FA7-418F-B193-6ACEB4AFA9B8}
		{F73080FD-6D07-409B-9CD4-D207E81537B5} = {BE0269CB-9FA7-418F-B193-6ACEB4AFA9B8}
		{9DB8B37B-9D7F-43FC-A236-78B5B47616EE} = {B019057C-DD68-451C-A081-CCE4C3E31DDA}
		{659D185D-A870-4BE7-8484-CA5C18A9C7B2} = {B019057C-DD68-451C-A081-CCE4C3E31DDA}
	EndGlobalSection
EndGlobal
